
Microsoft Visual Studio Solution File, Format Version 12.00
# Visual Studio 15
VisualStudioVersion = 15.0.28307.271
MinimumVisualStudioVersion = 10.0.40219.1
Project("{8BC9CEB8-8B4A-11D0-8D11-00A0C91BC942}") = "PEViewer", "PEViewer\PEViewer.vcxproj", "{80238C04-F0CD-4BFB-A887-9431D95E22A8}"
EndProject
Global
	GlobalSection(SolutionConfigurationPlatforms) = preSolution
		Debug|x64 = Debug|x64
		Debug|x86 = Debug|x86
		Release|x64 = Release|x64
		Release|x86 = Release|x86
	EndGlobalSection
	GlobalSection(ProjectConfigurationPlatforms) = postSolution
		{80238C04-F0CD-4BFB-A887-9431D95E22A8}.Debug|x64.ActiveCfg = Debug|x64
		{80238C04-F0CD-4BFB-A887-9431D95E22A8}.Debug|x64.Build.0 = Debug|x64
		{80238C04-F0CD-4BFB-A887-9431D95E22A8}.Debug|x86.ActiveCfg = Debug|Win32
		{80238C04-F0CD-4BFB-A887-9431D95E22A8}.Debug|x86.Build.0 = Debug|Win32
		{80238C04-F0CD-4BFB-A887-9431D95E22A8}.Release|x64.ActiveCfg = Release|x64
		{80238C04-F0CD-4BFB-A887-9431D95E22A8}.Release|x64.Build.0 = Release|x64
		{80238C04-F0CD-4BFB-A887-9431D95E22A8}.Release|x86.ActiveCfg = Release|Win32
		{80238C04-F0CD-4BFB-A887-9431D95E22A8}.Release|x86.Build.0 = Release|Win32
	EndGlobalSection
	GlobalSection(SolutionProperties) = preSolution
		HideSolutionNode = FALSE
	EndGlobalSection
	GlobalSection(ExtensibilityGlobals) = postSolution
		SolutionGuid = {2005DF99-A9B9-4F67-8B39-F078ACC09857}
	EndGlobalSection
EndGlobal
